
Microsoft Visual Studio Solution File, Format Version 12.00
# Visual Studio 14
VisualStudioVersion = 14.0.25420.1
MinimumVisualStudioVersion = 10.0.40219.1
Project("{8BB2217D-0F2D-49D1-97BC-3654ED321F3B}") = "RacksStand.Enum", "RacksStand.Enum\RacksStand.Enum.xproj", "{E1C17A9D-C3EA-4DF3-9AD3-BB070B5E1FD1}"
EndProject
Project("{8BB2217D-0F2D-49D1-97BC-3654ED321F3B}") = "RacksStand.Extension", "RacksStand.Extension\RacksStand.Extension.xproj", "{B00B3D4B-AC06-4E02-84CC-2DE67505E380}"
EndProject
Project("{8BB2217D-0F2D-49D1-97BC-3654ED321F3B}") = "RacksStand.Utility", "RacksStand.Utility\RacksStand.Utility.xproj", "{1E827022-AFE7-40BA-AD07-E87B2ED806B2}"
EndProject
Global
	GlobalSection(SolutionConfigurationPlatforms) = preSolution
		Debug|Any CPU = Debug|Any CPU
		Release|Any CPU = Release|Any CPU
	EndGlobalSection
	GlobalSection(ProjectConfigurationPlatforms) = postSolution
		{E1C17A9D-C3EA-4DF3-9AD3-BB070B5E1FD1}.Debug|Any CPU.ActiveCfg = Debug|Any CPU
		{E1C17A9D-C3EA-4DF3-9AD3-BB070B5E1FD1}.Debug|Any CPU.Build.0 = Debug|Any CPU
		{E1C17A9D-C3EA-4DF3-9AD3-BB070B5E1FD1}.Release|Any CPU.ActiveCfg = Release|Any CPU
		{E1C17A9D-C3EA-4DF3-9AD3-BB070B5E1FD1}.Release|Any CPU.Build.0 = Release|Any CPU
		{B00B3D4B-AC06-4E02-84CC-2DE67505E380}.Debug|Any CPU.ActiveCfg = Debug|Any CPU
		{B00B3D4B-AC06-4E02-84CC-2DE67505E380}.Debug|Any CPU.Build.0 = Debug|Any CPU
		{B00B3D4B-AC06-4E02-84CC-2DE67505E380}.Release|Any CPU.ActiveCfg = Release|Any CPU
		{B00B3D4B-AC06-4E02-84CC-2DE67505E380}.Release|Any CPU.Build.0 = Release|Any CPU
		{1E827022-AFE7-40BA-AD07-E87B2ED806B2}.Debug|Any CPU.ActiveCfg = Debug|Any CPU
		{1E827022-AFE7-40BA-AD07-E87B2ED806B2}.Debug|Any CPU.Build.0 = Debug|Any CPU
		{1E827022-AFE7-40BA-AD07-E87B2ED806B2}.Release|Any CPU.ActiveCfg = Release|Any CPU
		{1E827022-AFE7-40BA-AD07-E87B2ED806B2}.Release|Any CPU.Build.0 = Release|Any CPU
	EndGlobalSection
	GlobalSection(SolutionProperties) = preSolution
		HideSolutionNode = FALSE
	EndGlobalSection
EndGlobal
